
Microsoft Visual Studio Solution File, Format Version 12.00
# Visual Studio Version 17
VisualStudioVersion = 17.9.34728.123
MinimumVisualStudioVersion = 10.0.40219.1
Project("{FAE04EC0-301F-11D3-BF4B-00C04F79EFBC}") = "Attendance System", "Attendance System.csproj", "{37A36CE9-57B0-46F8-9544-732D3F5DCF81}"
EndProject
Global
	GlobalSection(SolutionConfigurationPlatforms) = preSolution
		Debug|Any CPU = Debug|Any CPU
		Release|Any CPU = Release|Any CPU
	EndGlobalSection
	GlobalSection(ProjectConfigurationPlatforms) = postSolution
		{37A36CE9-57B0-46F8-9544-732D3F5DCF81}.Debug|Any CPU.ActiveCfg = Debug|Any CPU
		{37A36CE9-57B0-46F8-9544-732D3F5DCF81}.Debug|Any CPU.Build.0 = Debug|Any CPU
		{37A36CE9-57B0-46F8-9544-732D3F5DCF81}.Release|Any CPU.ActiveCfg = Release|Any CPU
		{37A36CE9-57B0-46F8-9544-732D3F5DCF81}.Release|Any CPU.Build.0 = Release|Any CPU
	EndGlobalSection
	GlobalSection(SolutionProperties) = preSolution
		HideSolutionNode = FALSE
	EndGlobalSection
	GlobalSection(ExtensibilityGlobals) = postSolution
		SolutionGuid = {5D8AE2B8-751C-43A3-80DF-BDC38014D986}
	EndGlobalSection
EndGlobal
